// !$*UTF8*$!
{
	archiveVersion = 1;
	classes = {
	};
	objectVersion = 50;
	objects = {

/* Begin PBXBuildFile section */
		846F0D7023FDED7100796031 /* MovieRowView.swift in Sources */ = {isa = PBXBuildFile; fileRef = 846F0D6F23FDED7100796031 /* MovieRowView.swift */; };
		846F0D7223FDEFCE00796031 /* MovieRootView.swift in Sources */ = {isa = PBXBuildFile; fileRef = 846F0D7123FDEFCE00796031 /* MovieRootView.swift */; };
		846F0D7423FE1E4000796031 /* ImageLoader.swift in Sources */ = {isa = PBXBuildFile; fileRef = 846F0D7323FE1E4000796031 /* ImageLoader.swift */; };
		846F0D7623FE200700796031 /* ImagePath.swift in Sources */ = {isa = PBXBuildFile; fileRef = 846F0D7523FE200700796031 /* ImagePath.swift */; };
		846F0D7823FF642F00796031 /* Genre.swift in Sources */ = {isa = PBXBuildFile; fileRef = 846F0D7723FF642F00796031 /* Genre.swift */; };
		846F0D7A23FF64E600796031 /* GenreList.swift in Sources */ = {isa = PBXBuildFile; fileRef = 846F0D7923FF64E600796031 /* GenreList.swift */; };
		846F0D7C23FF65E600796031 /* NetworkHelper.swift in Sources */ = {isa = PBXBuildFile; fileRef = 846F0D7B23FF65E600796031 /* NetworkHelper.swift */; };
		846F0D7E23FF666D00796031 /* GenresService.swift in Sources */ = {isa = PBXBuildFile; fileRef = 846F0D7D23FF666D00796031 /* GenresService.swift */; };
		846F0D8023FF674100796031 /* GenresList.swift in Sources */ = {isa = PBXBuildFile; fileRef = 846F0D7F23FF674100796031 /* GenresList.swift */; };
		846F0D8223FF6D3D00796031 /* MoviewerHelper.swift in Sources */ = {isa = PBXBuildFile; fileRef = 846F0D8123FF6D3D00796031 /* MoviewerHelper.swift */; };
		846F0D8423FF788D00796031 /* StringExtension.swift in Sources */ = {isa = PBXBuildFile; fileRef = 846F0D8323FF788D00796031 /* StringExtension.swift */; };
		846F0D8623FF7B5F00796031 /* MovieDetailView.swift in Sources */ = {isa = PBXBuildFile; fileRef = 846F0D8523FF7B5F00796031 /* MovieDetailView.swift */; };
		84D67ABB23FCBD880051D7D5 /* AppDelegate.swift in Sources */ = {isa = PBXBuildFile; fileRef = 84D67ABA23FCBD880051D7D5 /* AppDelegate.swift */; };
		84D67ABD23FCBD880051D7D5 /* SceneDelegate.swift in Sources */ = {isa = PBXBuildFile; fileRef = 84D67ABC23FCBD880051D7D5 /* SceneDelegate.swift */; };
		84D67AC123FCBD8D0051D7D5 /* Assets.xcassets in Resources */ = {isa = PBXBuildFile; fileRef = 84D67AC023FCBD8D0051D7D5 /* Assets.xcassets */; };
		84D67AC423FCBD8D0051D7D5 /* Preview Assets.xcassets in Resources */ = {isa = PBXBuildFile; fileRef = 84D67AC323FCBD8D0051D7D5 /* Preview Assets.xcassets */; };
		84D67AC723FCBD8D0051D7D5 /* LaunchScreen.storyboard in Resources */ = {isa = PBXBuildFile; fileRef = 84D67AC523FCBD8D0051D7D5 /* LaunchScreen.storyboard */; };
		84D67AD223FCBD8D0051D7D5 /* MoviewerTests.swift in Sources */ = {isa = PBXBuildFile; fileRef = 84D67AD123FCBD8D0051D7D5 /* MoviewerTests.swift */; };
		84D67AE123FCCB920051D7D5 /* NetworkError.swift in Sources */ = {isa = PBXBuildFile; fileRef = 84D67AE023FCCB920051D7D5 /* NetworkError.swift */; };
		84D67AE323FCCBC90051D7D5 /* Endpoint.swift in Sources */ = {isa = PBXBuildFile; fileRef = 84D67AE223FCCBC90051D7D5 /* Endpoint.swift */; };
		84D67AE723FCCF0C0051D7D5 /* Constants.swift in Sources */ = {isa = PBXBuildFile; fileRef = 84D67AE623FCCF0C0051D7D5 /* Constants.swift */; };
		84D67AE923FCD10F0051D7D5 /* MoviesService.swift in Sources */ = {isa = PBXBuildFile; fileRef = 84D67AE823FCD10F0051D7D5 /* MoviesService.swift */; };
		84D67AEB23FDD5140051D7D5 /* MovieList.swift in Sources */ = {isa = PBXBuildFile; fileRef = 84D67AEA23FDD5140051D7D5 /* MovieList.swift */; };
		84D67AED23FDD6420051D7D5 /* Movie.swift in Sources */ = {isa = PBXBuildFile; fileRef = 84D67AEC23FDD6420051D7D5 /* Movie.swift */; };
		84D67AEF23FDDD4F0051D7D5 /* MoviesList.swift in Sources */ = {isa = PBXBuildFile; fileRef = 84D67AEE23FDDD4F0051D7D5 /* MoviesList.swift */; };
		84F3420523FDE689007BB529 /* MovieListView.swift in Sources */ = {isa = PBXBuildFile; fileRef = 84F3420423FDE689007BB529 /* MovieListView.swift */; };
/* End PBXBuildFile section */

/* Begin PBXContainerItemProxy section */
		84D67ACE23FCBD8D0051D7D5 /* PBXContainerItemProxy */ = {
			isa = PBXContainerItemProxy;
			containerPortal = 84D67AAF23FCBD880051D7D5 /* Project object */;
			proxyType = 1;
			remoteGlobalIDString = 84D67AB623FCBD880051D7D5;
			remoteInfo = Moviewer;
		};
/* End PBXContainerItemProxy section */

/* Begin PBXFileReference section */
		846F0D6F23FDED7100796031 /* MovieRowView.swift */ = {isa = PBXFileReference; lastKnownFileType = sourcecode.swift; path = MovieRowView.swift; sourceTree = "<group>"; };
		846F0D7123FDEFCE00796031 /* MovieRootView.swift */ = {isa = PBXFileReference; lastKnownFileType = sourcecode.swift; path = MovieRootView.swift; sourceTree = "<group>"; };
		846F0D7323FE1E4000796031 /* ImageLoader.swift */ = {isa = PBXFileReference; lastKnownFileType = sourcecode.swift; path = ImageLoader.swift; sourceTree = "<group>"; };
		846F0D7523FE200700796031 /* ImagePath.swift */ = {isa = PBXFileReference; lastKnownFileType = sourcecode.swift; path = ImagePath.swift; sourceTree = "<group>"; };
		846F0D7723FF642F00796031 /* Genre.swift */ = {isa = PBXFileReference; lastKnownFileType = sourcecode.swift; path = Genre.swift; sourceTree = "<group>"; };
		846F0D7923FF64E600796031 /* GenreList.swift */ = {isa = PBXFileReference; lastKnownFileType = sourcecode.swift; path = GenreList.swift; sourceTree = "<group>"; };
		846F0D7B23FF65E600796031 /* NetworkHelper.swift */ = {isa = PBXFileReference; lastKnownFileType = sourcecode.swift; path = NetworkHelper.swift; sourceTree = "<group>"; };
		846F0D7D23FF666D00796031 /* GenresService.swift */ = {isa = PBXFileReference; lastKnownFileType = sourcecode.swift; path = GenresService.swift; sourceTree = "<group>"; };
		846F0D7F23FF674100796031 /* GenresList.swift */ = {isa = PBXFileReference; lastKnownFileType = sourcecode.swift; path = GenresList.swift; sourceTree = "<group>"; };
		846F0D8123FF6D3D00796031 /* MoviewerHelper.swift */ = {isa = PBXFileReference; lastKnownFileType = sourcecode.swift; path = MoviewerHelper.swift; sourceTree = "<group>"; };
		846F0D8323FF788D00796031 /* StringExtension.swift */ = {isa = PBXFileReference; lastKnownFileType = sourcecode.swift; path = StringExtension.swift; sourceTree = "<group>"; };
		846F0D8523FF7B5F00796031 /* MovieDetailView.swift */ = {isa = PBXFileReference; lastKnownFileType = sourcecode.swift; path = MovieDetailView.swift; sourceTree = "<group>"; };
		84D67AB723FCBD880051D7D5 /* Moviewer.app */ = {isa = PBXFileReference; explicitFileType = wrapper.application; includeInIndex = 0; path = Moviewer.app; sourceTree = BUILT_PRODUCTS_DIR; };
		84D67ABA23FCBD880051D7D5 /* AppDelegate.swift */ = {isa = PBXFileReference; lastKnownFileType = sourcecode.swift; path = AppDelegate.swift; sourceTree = "<group>"; };
		84D67ABC23FCBD880051D7D5 /* SceneDelegate.swift */ = {isa = PBXFileReference; lastKnownFileType = sourcecode.swift; path = SceneDelegate.swift; sourceTree = "<group>"; };
		84D67AC023FCBD8D0051D7D5 /* Assets.xcassets */ = {isa = PBXFileReference; lastKnownFileType = folder.assetcatalog; path = Assets.xcassets; sourceTree = "<group>"; };
		84D67AC323FCBD8D0051D7D5 /* Preview Assets.xcassets */ = {isa = PBXFileReference; lastKnownFileType = folder.assetcatalog; path = "Preview Assets.xcassets"; sourceTree = "<group>"; };
		84D67AC623FCBD8D0051D7D5 /* Base */ = {isa = PBXFileReference; lastKnownFileType = file.storyboard; name = Base; path = Base.lproj/LaunchScreen.storyboard; sourceTree = "<group>"; };
		84D67AC823FCBD8D0051D7D5 /* Info.plist */ = {isa = PBXFileReference; lastKnownFileType = text.plist.xml; path = Info.plist; sourceTree = "<group>"; };
		84D67ACD23FCBD8D0051D7D5 /* MoviewerTests.xctest */ = {isa = PBXFileReference; explicitFileType = wrapper.cfbundle; includeInIndex = 0; path = MoviewerTests.xctest; sourceTree = BUILT_PRODUCTS_DIR; };
		84D67AD123FCBD8D0051D7D5 /* MoviewerTests.swift */ = {isa = PBXFileReference; lastKnownFileType = sourcecode.swift; path = MoviewerTests.swift; sourceTree = "<group>"; };
		84D67AD323FCBD8D0051D7D5 /* Info.plist */ = {isa = PBXFileReference; lastKnownFileType = text.plist.xml; path = Info.plist; sourceTree = "<group>"; };
		84D67AE023FCCB920051D7D5 /* NetworkError.swift */ = {isa = PBXFileReference; lastKnownFileType = sourcecode.swift; path = NetworkError.swift; sourceTree = "<group>"; };
		84D67AE223FCCBC90051D7D5 /* Endpoint.swift */ = {isa = PBXFileReference; lastKnownFileType = sourcecode.swift; path = Endpoint.swift; sourceTree = "<group>"; };
		84D67AE623FCCF0C0051D7D5 /* Constants.swift */ = {isa = PBXFileReference; lastKnownFileType = sourcecode.swift; path = Constants.swift; sourceTree = "<group>"; };
		84D67AE823FCD10F0051D7D5 /* MoviesService.swift */ = {isa = PBXFileReference; lastKnownFileType = sourcecode.swift; path = MoviesService.swift; sourceTree = "<group>"; };
		84D67AEA23FDD5140051D7D5 /* MovieList.swift */ = {isa = PBXFileReference; lastKnownFileType = sourcecode.swift; path = MovieList.swift; sourceTree = "<group>"; };
		84D67AEC23FDD6420051D7D5 /* Movie.swift */ = {isa = PBXFileReference; lastKnownFileType = sourcecode.swift; path = Movie.swift; sourceTree = "<group>"; };
		84D67AEE23FDDD4F0051D7D5 /* MoviesList.swift */ = {isa = PBXFileReference; lastKnownFileType = sourcecode.swift; path = MoviesList.swift; sourceTree = "<group>"; };
		84F3420423FDE689007BB529 /* MovieListView.swift */ = {isa = PBXFileReference; lastKnownFileType = sourcecode.swift; path = MovieListView.swift; sourceTree = "<group>"; };
/* End PBXFileReference section */

/* Begin PBXFrameworksBuildPhase section */
		84D67AB423FCBD880051D7D5 /* Frameworks */ = {
			isa = PBXFrameworksBuildPhase;
			buildActionMask = 2147483647;
			files = (
			);
			runOnlyForDeploymentPostprocessing = 0;
		};
		84D67ACA23FCBD8D0051D7D5 /* Frameworks */ = {
			isa = PBXFrameworksBuildPhase;
			buildActionMask = 2147483647;
			files = (
			);
			runOnlyForDeploymentPostprocessing = 0;
		};
/* End PBXFrameworksBuildPhase section */

/* Begin PBXGroup section */
		846F0D872401AB5500796031 /* Helpers */ = {
			isa = PBXGroup;
			children = (
				846F0D8123FF6D3D00796031 /* MoviewerHelper.swift */,
				84D67AE623FCCF0C0051D7D5 /* Constants.swift */,
			);
			path = Helpers;
			sourceTree = "<group>";
		};
		846F0D882401AB8100796031 /* Extensions */ = {
			isa = PBXGroup;
			children = (
				846F0D8323FF788D00796031 /* StringExtension.swift */,
			);
			path = Extensions;
			sourceTree = "<group>";
		};
		84D67AAE23FCBD880051D7D5 = {
			isa = PBXGroup;
			children = (
				84D67AB923FCBD880051D7D5 /* Moviewer */,
				84D67AD023FCBD8D0051D7D5 /* MoviewerTests */,
				84D67AB823FCBD880051D7D5 /* Products */,
			);
			sourceTree = "<group>";
		};
		84D67AB823FCBD880051D7D5 /* Products */ = {
			isa = PBXGroup;
			children = (
				84D67AB723FCBD880051D7D5 /* Moviewer.app */,
				84D67ACD23FCBD8D0051D7D5 /* MoviewerTests.xctest */,
			);
			name = Products;
			sourceTree = "<group>";
		};
		84D67AB923FCBD880051D7D5 /* Moviewer */ = {
			isa = PBXGroup;
			children = (
				84D67ADC23FCCAE10051D7D5 /* Views */,
				84D67ADD23FCCAF00051D7D5 /* ViewModels */,
				84D67ADE23FCCB060051D7D5 /* Models */,
				84D67ADF23FCCB160051D7D5 /* Services */,
				846F0D872401AB5500796031 /* Helpers */,
				846F0D882401AB8100796031 /* Extensions */,
				84D67ABA23FCBD880051D7D5 /* AppDelegate.swift */,
				84D67ABC23FCBD880051D7D5 /* SceneDelegate.swift */,
				84D67AC023FCBD8D0051D7D5 /* Assets.xcassets */,
				84D67AC523FCBD8D0051D7D5 /* LaunchScreen.storyboard */,
				84D67AC823FCBD8D0051D7D5 /* Info.plist */,
				84D67AC223FCBD8D0051D7D5 /* Preview Content */,
			);
			path = Moviewer;
			sourceTree = "<group>";
		};
		84D67AC223FCBD8D0051D7D5 /* Preview Content */ = {
			isa = PBXGroup;
			children = (
				84D67AC323FCBD8D0051D7D5 /* Preview Assets.xcassets */,
			);
			path = "Preview Content";
			sourceTree = "<group>";
		};
		84D67AD023FCBD8D0051D7D5 /* MoviewerTests */ = {
			isa = PBXGroup;
			children = (
				84D67AD123FCBD8D0051D7D5 /* MoviewerTests.swift */,
				84D67AD323FCBD8D0051D7D5 /* Info.plist */,
			);
			path = MoviewerTests;
			sourceTree = "<group>";
		};
		84D67ADC23FCCAE10051D7D5 /* Views */ = {
			isa = PBXGroup;
			children = (
				84F3420423FDE689007BB529 /* MovieListView.swift */,
				846F0D6F23FDED7100796031 /* MovieRowView.swift */,
				846F0D7123FDEFCE00796031 /* MovieRootView.swift */,
				846F0D8523FF7B5F00796031 /* MovieDetailView.swift */,
			);
			path = Views;
			sourceTree = "<group>";
		};
		84D67ADD23FCCAF00051D7D5 /* ViewModels */ = {
			isa = PBXGroup;
			children = (
				84D67AEE23FDDD4F0051D7D5 /* MoviesList.swift */,
				846F0D7F23FF674100796031 /* GenresList.swift */,
				846F0D7323FE1E4000796031 /* ImageLoader.swift */,
			);
			path = ViewModels;
			sourceTree = "<group>";
		};
		84D67ADE23FCCB060051D7D5 /* Models */ = {
			isa = PBXGroup;
			children = (
				84D67AEA23FDD5140051D7D5 /* MovieList.swift */,
				84D67AEC23FDD6420051D7D5 /* Movie.swift */,
				846F0D7923FF64E600796031 /* GenreList.swift */,
				846F0D7723FF642F00796031 /* Genre.swift */,
			);
			path = Models;
			sourceTree = "<group>";
		};
		84D67ADF23FCCB160051D7D5 /* Services */ = {
			isa = PBXGroup;
			children = (
				84D67AE823FCD10F0051D7D5 /* MoviesService.swift */,
				846F0D7D23FF666D00796031 /* GenresService.swift */,
				84D67AE023FCCB920051D7D5 /* NetworkError.swift */,
				846F0D7B23FF65E600796031 /* NetworkHelper.swift */,
				84D67AE223FCCBC90051D7D5 /* Endpoint.swift */,
				846F0D7523FE200700796031 /* ImagePath.swift */,
			);
			path = Services;
			sourceTree = "<group>";
		};
/* End PBXGroup section */

/* Begin PBXNativeTarget section */
		84D67AB623FCBD880051D7D5 /* Moviewer */ = {
			isa = PBXNativeTarget;
			buildConfigurationList = 84D67AD623FCBD8D0051D7D5 /* Build configuration list for PBXNativeTarget "Moviewer" */;
			buildPhases = (
				84D67AB323FCBD880051D7D5 /* Sources */,
				84D67AB423FCBD880051D7D5 /* Frameworks */,
				84D67AB523FCBD880051D7D5 /* Resources */,
			);
			buildRules = (
			);
			dependencies = (
			);
			name = Moviewer;
			productName = Moviewer;
			productReference = 84D67AB723FCBD880051D7D5 /* Moviewer.app */;
			productType = "com.apple.product-type.application";
		};
		84D67ACC23FCBD8D0051D7D5 /* MoviewerTests */ = {
			isa = PBXNativeTarget;
			buildConfigurationList = 84D67AD923FCBD8D0051D7D5 /* Build configuration list for PBXNativeTarget "MoviewerTests" */;
			buildPhases = (
				84D67AC923FCBD8D0051D7D5 /* Sources */,
				84D67ACA23FCBD8D0051D7D5 /* Frameworks */,
				84D67ACB23FCBD8D0051D7D5 /* Resources */,
			);
			buildRules = (
			);
			dependencies = (
				84D67ACF23FCBD8D0051D7D5 /* PBXTargetDependency */,
			);
			name = MoviewerTests;
			productName = MoviewerTests;
			productReference = 84D67ACD23FCBD8D0051D7D5 /* MoviewerTests.xctest */;
			productType = "com.apple.product-type.bundle.unit-test";
		};
/* End PBXNativeTarget section */

/* Begin PBXProject section */
		84D67AAF23FCBD880051D7D5 /* Project object */ = {
			isa = PBXProject;
			attributes = {
				LastSwiftUpdateCheck = 1130;
				LastUpgradeCheck = 1130;
				ORGANIZATIONNAME = "Victor Oka";
				TargetAttributes = {
					84D67AB623FCBD880051D7D5 = {
						CreatedOnToolsVersion = 11.3.1;
					};
					84D67ACC23FCBD8D0051D7D5 = {
						CreatedOnToolsVersion = 11.3.1;
						TestTargetID = 84D67AB623FCBD880051D7D5;
					};
				};
			};
			buildConfigurationList = 84D67AB223FCBD880051D7D5 /* Build configuration list for PBXProject "Moviewer" */;
			compatibilityVersion = "Xcode 9.3";
			developmentRegion = en;
			hasScannedForEncodings = 0;
			knownRegions = (
				en,
				Base,
			);
			mainGroup = 84D67AAE23FCBD880051D7D5;
			productRefGroup = 84D67AB823FCBD880051D7D5 /* Products */;
			projectDirPath = "";
			projectRoot = "";
			targets = (
				84D67AB623FCBD880051D7D5 /* Moviewer */,
				84D67ACC23FCBD8D0051D7D5 /* MoviewerTests */,
			);
		};
/* End PBXProject section */

/* Begin PBXResourcesBuildPhase section */
		84D67AB523FCBD880051D7D5 /* Resources */ = {
			isa = PBXResourcesBuildPhase;
			buildActionMask = 2147483647;
			files = (
				84D67AC723FCBD8D0051D7D5 /* LaunchScreen.storyboard in Resources */,
				84D67AC423FCBD8D0051D7D5 /* Preview Assets.xcassets in Resources */,
				84D67AC123FCBD8D0051D7D5 /* Assets.xcassets in Resources */,
			);
			runOnlyForDeploymentPostprocessing = 0;
		};
		84D67ACB23FCBD8D0051D7D5 /* Resources */ = {
			isa = PBXResourcesBuildPhase;
			buildActionMask = 2147483647;
			files = (
			);
			runOnlyForDeploymentPostprocessing = 0;
		};
/* End PBXResourcesBuildPhase section */

/* Begin PBXSourcesBuildPhase section */
		84D67AB323FCBD880051D7D5 /* Sources */ = {
			isa = PBXSourcesBuildPhase;
			buildActionMask = 2147483647;
			files = (
				84D67ABB23FCBD880051D7D5 /* AppDelegate.swift in Sources */,
				846F0D7223FDEFCE00796031 /* MovieRootView.swift in Sources */,
				84F3420523FDE689007BB529 /* MovieListView.swift in Sources */,
				84D67AE123FCCB920051D7D5 /* NetworkError.swift in Sources */,
				84D67AED23FDD6420051D7D5 /* Movie.swift in Sources */,
				846F0D7023FDED7100796031 /* MovieRowView.swift in Sources */,
				84D67ABD23FCBD880051D7D5 /* SceneDelegate.swift in Sources */,
				846F0D8023FF674100796031 /* GenresList.swift in Sources */,
				846F0D8423FF788D00796031 /* StringExtension.swift in Sources */,
				846F0D7A23FF64E600796031 /* GenreList.swift in Sources */,
				846F0D8623FF7B5F00796031 /* MovieDetailView.swift in Sources */,
				846F0D8223FF6D3D00796031 /* MoviewerHelper.swift in Sources */,
				84D67AE923FCD10F0051D7D5 /* MoviesService.swift in Sources */,
				846F0D7E23FF666D00796031 /* GenresService.swift in Sources */,
				84D67AE323FCCBC90051D7D5 /* Endpoint.swift in Sources */,
				846F0D7C23FF65E600796031 /* NetworkHelper.swift in Sources */,
				846F0D7823FF642F00796031 /* Genre.swift in Sources */,
				84D67AEB23FDD5140051D7D5 /* MovieList.swift in Sources */,
				846F0D7623FE200700796031 /* ImagePath.swift in Sources */,
				84D67AEF23FDDD4F0051D7D5 /* MoviesList.swift in Sources */,
				84D67AE723FCCF0C0051D7D5 /* Constants.swift in Sources */,
				846F0D7423FE1E4000796031 /* ImageLoader.swift in Sources */,
			);
			runOnlyForDeploymentPostprocessing = 0;
		};
		84D67AC923FCBD8D0051D7D5 /* Sources */ = {
			isa = PBXSourcesBuildPhase;
			buildActionMask = 2147483647;
			files = (
				84D67AD223FCBD8D0051D7D5 /* MoviewerTests.swift in Sources */,
			);
			runOnlyForDeploymentPostprocessing = 0;
		};
/* End PBXSourcesBuildPhase section */

/* Begin PBXTargetDependency section */
		84D67ACF23FCBD8D0051D7D5 /* PBXTargetDependency */ = {
			isa = PBXTargetDependency;
			target = 84D67AB623FCBD880051D7D5 /* Moviewer */;
			targetProxy = 84D67ACE23FCBD8D0051D7D5 /* PBXContainerItemProxy */;
		};
/* End PBXTargetDependency section */

/* Begin PBXVariantGroup section */
		84D67AC523FCBD8D0051D7D5 /* LaunchScreen.storyboard */ = {
			isa = PBXVariantGroup;
			children = (
				84D67AC623FCBD8D0051D7D5 /* Base */,
			);
			name = LaunchScreen.storyboard;
			sourceTree = "<group>";
		};
/* End PBXVariantGroup section */

/* Begin XCBuildConfiguration section */
		84D67AD423FCBD8D0051D7D5 /* Debug */ = {
			isa = XCBuildConfiguration;
			buildSettings = {
				ALWAYS_SEARCH_USER_PATHS = NO;
				CLANG_ANALYZER_NONNULL = YES;
				CLANG_ANALYZER_NUMBER_OBJECT_CONVERSION = YES_AGGRESSIVE;
				CLANG_CXX_LANGUAGE_STANDARD = "gnu++14";
				CLANG_CXX_LIBRARY = "libc++";
				CLANG_ENABLE_MODULES = YES;
				CLANG_ENABLE_OBJC_ARC = YES;
				CLANG_ENABLE_OBJC_WEAK = YES;
				CLANG_WARN_BLOCK_CAPTURE_AUTORELEASING = YES;
				CLANG_WARN_BOOL_CONVERSION = YES;
				CLANG_WARN_COMMA = YES;
				CLANG_WARN_CONSTANT_CONVERSION = YES;
				CLANG_WARN_DEPRECATED_OBJC_IMPLEMENTATIONS = YES;
				CLANG_WARN_DIRECT_OBJC_ISA_USAGE = YES_ERROR;
				CLANG_WARN_DOCUMENTATION_COMMENTS = YES;
				CLANG_WARN_EMPTY_BODY = YES;
				CLANG_WARN_ENUM_CONVERSION = YES;
				CLANG_WARN_INFINITE_RECURSION = YES;
				CLANG_WARN_INT_CONVERSION = YES;
				CLANG_WARN_NON_LITERAL_NULL_CONVERSION = YES;
				CLANG_WARN_OBJC_IMPLICIT_RETAIN_SELF = YES;
				CLANG_WARN_OBJC_LITERAL_CONVERSION = YES;
				CLANG_WARN_OBJC_ROOT_CLASS = YES_ERROR;
				CLANG_WARN_RANGE_LOOP_ANALYSIS = YES;
				CLANG_WARN_STRICT_PROTOTYPES = YES;
				CLANG_WARN_SUSPICIOUS_MOVE = YES;
				CLANG_WARN_UNGUARDED_AVAILABILITY = YES_AGGRESSIVE;
				CLANG_WARN_UNREACHABLE_CODE = YES;
				CLANG_WARN__DUPLICATE_METHOD_MATCH = YES;
				COPY_PHASE_STRIP = NO;
				DEBUG_INFORMATION_FORMAT = dwarf;
				ENABLE_STRICT_OBJC_MSGSEND = YES;
				ENABLE_TESTABILITY = YES;
				GCC_C_LANGUAGE_STANDARD = gnu11;
				GCC_DYNAMIC_NO_PIC = NO;
				GCC_NO_COMMON_BLOCKS = YES;
				GCC_OPTIMIZATION_LEVEL = 0;
				GCC_PREPROCESSOR_DEFINITIONS = (
					"DEBUG=1",
					"$(inherited)",
				);
				GCC_WARN_64_TO_32_BIT_CONVERSION = YES;
				GCC_WARN_ABOUT_RETURN_TYPE = YES_ERROR;
				GCC_WARN_UNDECLARED_SELECTOR = YES;
				GCC_WARN_UNINITIALIZED_AUTOS = YES_AGGRESSIVE;
				GCC_WARN_UNUSED_FUNCTION = YES;
				GCC_WARN_UNUSED_VARIABLE = YES;
				IPHONEOS_DEPLOYMENT_TARGET = 13.2;
				MTL_ENABLE_DEBUG_INFO = INCLUDE_SOURCE;
				MTL_FAST_MATH = YES;
				ONLY_ACTIVE_ARCH = YES;
				SDKROOT = iphoneos;
				SWIFT_ACTIVE_COMPILATION_CONDITIONS = DEBUG;
				SWIFT_OPTIMIZATION_LEVEL = "-Onone";
			};
			name = Debug;
		};
		84D67AD523FCBD8D0051D7D5 /* Release */ = {
			isa = XCBuildConfiguration;
			buildSettings = {
				ALWAYS_SEARCH_USER_PATHS = NO;
				CLANG_ANALYZER_NONNULL = YES;
				CLANG_ANALYZER_NUMBER_OBJECT_CONVERSION = YES_AGGRESSIVE;
				CLANG_CXX_LANGUAGE_STANDARD = "gnu++14";
				CLANG_CXX_LIBRARY = "libc++";
				CLANG_ENABLE_MODULES = YES;
				CLANG_ENABLE_OBJC_ARC = YES;
				CLANG_ENABLE_OBJC_WEAK = YES;
				CLANG_WARN_BLOCK_CAPTURE_AUTORELEASING = YES;
				CLANG_WARN_BOOL_CONVERSION = YES;
				CLANG_WARN_COMMA = YES;
				CLANG_WARN_CONSTANT_CONVERSION = YES;
				CLANG_WARN_DEPRECATED_OBJC_IMPLEMENTATIONS = YES;
				CLANG_WARN_DIRECT_OBJC_ISA_USAGE = YES_ERROR;
				CLANG_WARN_DOCUMENTATION_COMMENTS = YES;
				CLANG_WARN_EMPTY_BODY = YES;
				CLANG_WARN_ENUM_CONVERSION = YES;
				CLANG_WARN_INFINITE_RECURSION = YES;
				CLANG_WARN_INT_CONVERSION = YES;
				CLANG_WARN_NON_LITERAL_NULL_CONVERSION = YES;
				CLANG_WARN_OBJC_IMPLICIT_RETAIN_SELF = YES;
				CLANG_WARN_OBJC_LITERAL_CONVERSION = YES;
				CLANG_WARN_OBJC_ROOT_CLASS = YES_ERROR;
				CLANG_WARN_RANGE_LOOP_ANALYSIS = YES;
				CLANG_WARN_STRICT_PROTOTYPES = YES;
				CLANG_WARN_SUSPICIOUS_MOVE = YES;
				CLANG_WARN_UNGUARDED_AVAILABILITY = YES_AGGRESSIVE;
				CLANG_WARN_UNREACHABLE_CODE = YES;
				CLANG_WARN__DUPLICATE_METHOD_MATCH = YES;
				COPY_PHASE_STRIP = NO;
				DEBUG_INFORMATION_FORMAT = "dwarf-with-dsym";
				ENABLE_NS_ASSERTIONS = NO;
				ENABLE_STRICT_OBJC_MSGSEND = YES;
				GCC_C_LANGUAGE_STANDARD = gnu11;
				GCC_NO_COMMON_BLOCKS = YES;
				GCC_WARN_64_TO_32_BIT_CONVERSION = YES;
				GCC_WARN_ABOUT_RETURN_TYPE = YES_ERROR;
				GCC_WARN_UNDECLARED_SELECTOR = YES;
				GCC_WARN_UNINITIALIZED_AUTOS = YES_AGGRESSIVE;
				GCC_WARN_UNUSED_FUNCTION = YES;
				GCC_WARN_UNUSED_VARIABLE = YES;
				IPHONEOS_DEPLOYMENT_TARGET = 13.2;
				MTL_ENABLE_DEBUG_INFO = NO;
				MTL_FAST_MATH = YES;
				SDKROOT = iphoneos;
				SWIFT_COMPILATION_MODE = wholemodule;
				SWIFT_OPTIMIZATION_LEVEL = "-O";
				VALIDATE_PRODUCT = YES;
			};
			name = Release;
		};
		84D67AD723FCBD8D0051D7D5 /* Debug */ = {
			isa = XCBuildConfiguration;
			buildSettings = {
				ASSETCATALOG_COMPILER_APPICON_NAME = AppIcon;
				CODE_SIGN_STYLE = Automatic;
				DEVELOPMENT_ASSET_PATHS = "\"Moviewer/Preview Content\"";
				DEVELOPMENT_TEAM = 3NBXKDMT65;
				ENABLE_PREVIEWS = YES;
				INFOPLIST_FILE = Moviewer/Info.plist;
				LD_RUNPATH_SEARCH_PATHS = (
					"$(inherited)",
					"@executable_path/Frameworks",
				);
				PRODUCT_BUNDLE_IDENTIFIER = com.victoroka.Moviewer;
				PRODUCT_NAME = "$(TARGET_NAME)";
				SWIFT_VERSION = 5.0;
				TARGETED_DEVICE_FAMILY = "1,2";
			};
			name = Debug;
		};
		84D67AD823FCBD8D0051D7D5 /* Release */ = {
			isa = XCBuildConfiguration;
			buildSettings = {
				ASSETCATALOG_COMPILER_APPICON_NAME = AppIcon;
				CODE_SIGN_STYLE = Automatic;
				DEVELOPMENT_ASSET_PATHS = "\"Moviewer/Preview Content\"";
				DEVELOPMENT_TEAM = 3NBXKDMT65;
				ENABLE_PREVIEWS = YES;
				INFOPLIST_FILE = Moviewer/Info.plist;
				LD_RUNPATH_SEARCH_PATHS = (
					"$(inherited)",
					"@executable_path/Frameworks",
				);
				PRODUCT_BUNDLE_IDENTIFIER = com.victoroka.Moviewer;
				PRODUCT_NAME = "$(TARGET_NAME)";
				SWIFT_VERSION = 5.0;
				TARGETED_DEVICE_FAMILY = "1,2";
			};
			name = Release;
		};
		84D67ADA23FCBD8D0051D7D5 /* Debug */ = {
			isa = XCBuildConfiguration;
			buildSettings = {
				ALWAYS_EMBED_SWIFT_STANDARD_LIBRARIES = YES;
				BUNDLE_LOADER = "$(TEST_HOST)";
				CODE_SIGN_STYLE = Automatic;
				DEVELOPMENT_TEAM = 3NBXKDMT65;
				INFOPLIST_FILE = MoviewerTests/Info.plist;
				IPHONEOS_DEPLOYMENT_TARGET = 13.2;
				LD_RUNPATH_SEARCH_PATHS = (
					"$(inherited)",
					"@executable_path/Frameworks",
					"@loader_path/Frameworks",
				);
				PRODUCT_BUNDLE_IDENTIFIER = com.victoroka.MoviewerTests;
				PRODUCT_NAME = "$(TARGET_NAME)";
				SWIFT_VERSION = 5.0;
				TARGETED_DEVICE_FAMILY = "1,2";
				TEST_HOST = "$(BUILT_PRODUCTS_DIR)/Moviewer.app/Moviewer";
			};
			name = Debug;
		};
		84D67ADB23FCBD8D0051D7D5 /* Release */ = {
			isa = XCBuildConfiguration;
			buildSettings = {
				ALWAYS_EMBED_SWIFT_STANDARD_LIBRARIES = YES;
				BUNDLE_LOADER = "$(TEST_HOST)";
				CODE_SIGN_STYLE = Automatic;
				DEVELOPMENT_TEAM = 3NBXKDMT65;
				INFOPLIST_FILE = MoviewerTests/Info.plist;
				IPHONEOS_DEPLOYMENT_TARGET = 13.2;
				LD_RUNPATH_SEARCH_PATHS = (
					"$(inherited)",
					"@executable_path/Frameworks",
					"@loader_path/Frameworks",
				);
				PRODUCT_BUNDLE_IDENTIFIER = com.victoroka.MoviewerTests;
				PRODUCT_NAME = "$(TARGET_NAME)";
				SWIFT_VERSION = 5.0;
				TARGETED_DEVICE_FAMILY = "1,2";
				TEST_HOST = "$(BUILT_PRODUCTS_DIR)/Moviewer.app/Moviewer";
			};
			name = Release;
		};
/* End XCBuildConfiguration section */

/* Begin XCConfigurationList section */
		84D67AB223FCBD880051D7D5 /* Build configuration list for PBXProject "Moviewer" */ = {
			isa = XCConfigurationList;
			buildConfigurations = (
				84D67AD423FCBD8D0051D7D5 /* Debug */,
				84D67AD523FCBD8D0051D7D5 /* Release */,
			);
			defaultConfigurationIsVisible = 0;
			defaultConfigurationName = Release;
		};
		84D67AD623FCBD8D0051D7D5 /* Build configuration list for PBXNativeTarget "Moviewer" */ = {
			isa = XCConfigurationList;
			buildConfigurations = (
				84D67AD723FCBD8D0051D7D5 /* Debug */,
				84D67AD823FCBD8D0051D7D5 /* Release */,
			);
			defaultConfigurationIsVisible = 0;
			defaultConfigurationName = Release;
		};
		84D67AD923FCBD8D0051D7D5 /* Build configuration list for PBXNativeTarget "MoviewerTests" */ = {
			isa = XCConfigurationList;
			buildConfigurations = (
				84D67ADA23FCBD8D0051D7D5 /* Debug */,
				84D67ADB23FCBD8D0051D7D5 /* Release */,
			);
			defaultConfigurationIsVisible = 0;
			defaultConfigurationName = Release;
		};
/* End XCConfigurationList section */
	};
	rootObject = 84D67AAF23FCBD880051D7D5 /* Project object */;
}
